
Microsoft Visual Studio Solution File, Format Version 12.00
# Visual Studio Version 16
VisualStudioVersion = 16.0.30804.86
MinimumVisualStudioVersion = 10.0.40219.1
Project("{FAE04EC0-301F-11D3-BF4B-00C04F79EFBC}") = "WorkerTest", "WorkerTest.csproj", "{6BABB26C-20E6-4055-BA2D-7E1624BE8CD1}"
EndProject
Global
	GlobalSection(SolutionConfigurationPlatforms) = preSolution
		Debug|Any CPU = Debug|Any CPU
		Release|Any CPU = Release|Any CPU
	EndGlobalSection
	GlobalSection(ProjectConfigurationPlatforms) = postSolution
		{6BABB26C-20E6-4055-BA2D-7E1624BE8CD1}.Debug|Any CPU.ActiveCfg = Debug|Any CPU
		{6BABB26C-20E6-4055-BA2D-7E1624BE8CD1}.Debug|Any CPU.Build.0 = Debug|Any CPU
		{6BABB26C-20E6-4055-BA2D-7E1624BE8CD1}.Release|Any CPU.ActiveCfg = Release|Any CPU
		{6BABB26C-20E6-4055-BA2D-7E1624BE8CD1}.Release|Any CPU.Build.0 = Release|Any CPU
	EndGlobalSection
	GlobalSection(SolutionProperties) = preSolution
		HideSolutionNode = FALSE
	EndGlobalSection
	GlobalSection(ExtensibilityGlobals) = postSolution
		SolutionGuid = {179A92BB-69B3-4740-ABD1-51F56B684EA2}
	EndGlobalSection
EndGlobal
